github.com/gorilla/mux v1.7.4 h1:VuZ8uybHlWmqV03+zRzdwKL4tUnIp1MAQtp1mIFE1bc=
github.com/gorilla/mux v1.7.4/go.mod h1:DVbg23sWSpFRCP0SfiEN6jmj59UnW/n46BH5rLB71So=
github.com/thatguycalledrob/gps-tracking v0.0.0-20200522161019-6d59a5ef60cf h1:u2/KJRVfbDVzd1zy6C4jX9fCddrxor00k7oeEzBQ+YA=
github.com/thatguycalledrob/gps-tracking v0.0.0-20200522161019-6d59a5ef60cf/go.mod h1:JlG121biPKAGDCB0y7K4CzfGOvI8Mm7od6i6q8mPUoA=
